
Microsoft Visual Studio Solution File, Format Version 12.00
# Visual Studio Version 16
VisualStudioVersion = 16.0.32428.217
MinimumVisualStudioVersion = 10.0.40219.1
Project("{FAE04EC0-301F-11D3-BF4B-00C04F79EFBC}") = "MeetingManagement", "MeetingManagement\MeetingManagement.csproj", "{D791DF46-86B2-4607-A1EB-658D3851F36E}"
EndProject
Project("{FAE04EC0-301F-11D3-BF4B-00C04F79EFBC}") = "Models", "Models\Models.csproj", "{D9C7F71F-5F31-4485-B35A-50E60B9FFF81}"
EndProject
Project("{FAE04EC0-301F-11D3-BF4B-00C04F79EFBC}") = "Data", "Data\Data.csproj", "{A4BF84BE-E7BB-46C3-A46E-12A446B32E6B}"
EndProject
Global
	GlobalSection(SolutionConfigurationPlatforms) = preSolution
		Debug|Any CPU = Debug|Any CPU
		Release|Any CPU = Release|Any CPU
	EndGlobalSection
	GlobalSection(ProjectConfigurationPlatforms) = postSolution
		{D791DF46-86B2-4607-A1EB-658D3851F36E}.Debug|Any CPU.ActiveCfg = Debug|Any CPU
		{D791DF46-86B2-4607-A1EB-658D3851F36E}.Debug|Any CPU.Build.0 = Debug|Any CPU
		{D791DF46-86B2-4607-A1EB-658D3851F36E}.Release|Any CPU.ActiveCfg = Release|Any CPU
		{D791DF46-86B2-4607-A1EB-658D3851F36E}.Release|Any CPU.Build.0 = Release|Any CPU
		{D9C7F71F-5F31-4485-B35A-50E60B9FFF81}.Debug|Any CPU.ActiveCfg = Debug|Any CPU
		{D9C7F71F-5F31-4485-B35A-50E60B9FFF81}.Debug|Any CPU.Build.0 = Debug|Any CPU
		{D9C7F71F-5F31-4485-B35A-50E60B9FFF81}.Release|Any CPU.ActiveCfg = Release|Any CPU
		{D9C7F71F-5F31-4485-B35A-50E60B9FFF81}.Release|Any CPU.Build.0 = Release|Any CPU
		{A4BF84BE-E7BB-46C3-A46E-12A446B32E6B}.Debug|Any CPU.ActiveCfg = Debug|Any CPU
		{A4BF84BE-E7BB-46C3-A46E-12A446B32E6B}.Debug|Any CPU.Build.0 = Debug|Any CPU
		{A4BF84BE-E7BB-46C3-A46E-12A446B32E6B}.Release|Any CPU.ActiveCfg = Release|Any CPU
		{A4BF84BE-E7BB-46C3-A46E-12A446B32E6B}.Release|Any CPU.Build.0 = Release|Any CPU
	EndGlobalSection
	GlobalSection(SolutionProperties) = preSolution
		HideSolutionNode = FALSE
	EndGlobalSection
	GlobalSection(ExtensibilityGlobals) = postSolution
		SolutionGuid = {EA3BCEAE-99C7-482A-83B2-076D951B7AC8}
	EndGlobalSection
EndGlobal
